
Microsoft Visual Studio Solution File, Format Version 12.00
# Visual Studio Version 17
VisualStudioVersion = 17.14.36414.22 d17.14
MinimumVisualStudioVersion = 10.0.40219.1
Project("{FAE04EC0-301F-11D3-BF4B-00C04F79EFBC}") = "First Program", "First Program\First Program.csproj", "{5A426289-AC90-47A5-A775-EA05406245FE}"
EndProject
Global
	GlobalSection(SolutionConfigurationPlatforms) = preSolution
		Debug|Any CPU = Debug|Any CPU
		Release|Any CPU = Release|Any CPU
	EndGlobalSection
	GlobalSection(ProjectConfigurationPlatforms) = postSolution
		{5A426289-AC90-47A5-A775-EA05406245FE}.Debug|Any CPU.ActiveCfg = Debug|Any CPU
		{5A426289-AC90-47A5-A775-EA05406245FE}.Debug|Any CPU.Build.0 = Debug|Any CPU
		{5A426289-AC90-47A5-A775-EA05406245FE}.Release|Any CPU.ActiveCfg = Release|Any CPU
		{5A426289-AC90-47A5-A775-EA05406245FE}.Release|Any CPU.Build.0 = Release|Any CPU
	EndGlobalSection
	GlobalSection(SolutionProperties) = preSolution
		HideSolutionNode = FALSE
	EndGlobalSection
	GlobalSection(ExtensibilityGlobals) = postSolution
		SolutionGuid = {1CD9687E-0382-4F3B-B782-5CA02B79C9F7}
	EndGlobalSection
EndGlobal
